
Microsoft Visual Studio Solution File, Format Version 12.00
# Visual Studio 14
VisualStudioVersion = 14.0.25123.0
MinimumVisualStudioVersion = 10.0.40219.1
Project("{FAE04EC0-301F-11D3-BF4B-00C04F79EFBC}") = "Practice", "Practice\Practice.csproj", "{424309D2-9ED7-43E2-B156-756897EC9C7F}"
EndProject
Project("{FAE04EC0-301F-11D3-BF4B-00C04F79EFBC}") = "MiddlePractice", "MiddlePractice\MiddlePractice.csproj", "{9A5A1CFF-8A6D-4695-AAE9-D0676D19D15F}"
EndProject
Project("{FAE04EC0-301F-11D3-BF4B-00C04F79EFBC}") = "SomeMoreMiddlePractice", "SomeMoreMiddlePractice\SomeMoreMiddlePractice.csproj", "{FE3430E1-DEBB-4453-89E9-B466D5D25192}"
EndProject
Project("{FAE04EC0-301F-11D3-BF4B-00C04F79EFBC}") = "JudgeTrain", "JudgeTrain\JudgeTrain.csproj", "{C1451BA4-D8F3-47A6-B1D3-35FE37F7ACB6}"
EndProject
Project("{FAE04EC0-301F-11D3-BF4B-00C04F79EFBC}") = "Exercises11", "Exercises11\Exercises11.csproj", "{2F741AE7-667F-43CC-B902-6248EB0D9A10}"
EndProject
Project("{FAE04EC0-301F-11D3-BF4B-00C04F79EFBC}") = "Exercises12", "Exercises12\Exercises12.csproj", "{B545F051-4D5C-4828-A8D1-11F7CCA85203}"
EndProject
Project("{FAE04EC0-301F-11D3-BF4B-00C04F79EFBC}") = "Exercises13", "Exercises13\Exercises13.csproj", "{B1AE7F80-1F79-43AD-BD79-73117CA616EF}"
EndProject
Project("{FAE04EC0-301F-11D3-BF4B-00C04F79EFBC}") = "Exercises14", "Exercises14\Exercises14.csproj", "{8C6448B0-736C-420C-B1BF-226C1B17B1EA}"
EndProject
Project("{FAE04EC0-301F-11D3-BF4B-00C04F79EFBC}") = "Exercise15", "Exercise15\Exercise15.csproj", "{0FFF07F5-7F99-4C80-9938-11AB3FBBAFCE}"
EndProject
Project("{FAE04EC0-301F-11D3-BF4B-00C04F79EFBC}") = "Exercises16", "Exercises16\Exercises16.csproj", "{6C64EA28-245D-4C53-A45A-47C2D011EA6C}"
EndProject
Project("{FAE04EC0-301F-11D3-BF4B-00C04F79EFBC}") = "Exercises17", "Exercises17\Exercises17.csproj", "{E23C3086-8C23-4162-97DE-2679A8F823A0}"
EndProject
Project("{FAE04EC0-301F-11D3-BF4B-00C04F79EFBC}") = "Exercises 19", "Exercises 19\Exercises 19.csproj", "{578B2012-199F-4E3B-B6C3-36D0529F451C}"
EndProject
Project("{FAE04EC0-301F-11D3-BF4B-00C04F79EFBC}") = "Exercises 18", "Exercises 18\Exercises 18.csproj", "{C4411B6A-EF53-4493-A291-13B060EBC4CA}"
EndProject
Project("{FAE04EC0-301F-11D3-BF4B-00C04F79EFBC}") = "Exercises 20", "Exercises 20\Exercises 20.csproj", "{F218ECE1-25F3-4F8B-8558-7FB56D4D4F62}"
EndProject
Global
	GlobalSection(SolutionConfigurationPlatforms) = preSolution
		Debug|Any CPU = Debug|Any CPU
		Release|Any CPU = Release|Any CPU
	EndGlobalSection
	GlobalSection(ProjectConfigurationPlatforms) = postSolution
		{424309D2-9ED7-43E2-B156-756897EC9C7F}.Debug|Any CPU.ActiveCfg = Debug|Any CPU
		{424309D2-9ED7-43E2-B156-756897EC9C7F}.Debug|Any CPU.Build.0 = Debug|Any CPU
		{424309D2-9ED7-43E2-B156-756897EC9C7F}.Release|Any CPU.ActiveCfg = Release|Any CPU
		{424309D2-9ED7-43E2-B156-756897EC9C7F}.Release|Any CPU.Build.0 = Release|Any CPU
		{9A5A1CFF-8A6D-4695-AAE9-D0676D19D15F}.Debug|Any CPU.ActiveCfg = Debug|Any CPU
		{9A5A1CFF-8A6D-4695-AAE9-D0676D19D15F}.Debug|Any CPU.Build.0 = Debug|Any CPU
		{9A5A1CFF-8A6D-4695-AAE9-D0676D19D15F}.Release|Any CPU.ActiveCfg = Release|Any CPU
		{9A5A1CFF-8A6D-4695-AAE9-D0676D19D15F}.Release|Any CPU.Build.0 = Release|Any CPU
		{FE3430E1-DEBB-4453-89E9-B466D5D25192}.Debug|Any CPU.ActiveCfg = Debug|Any CPU
		{FE3430E1-DEBB-4453-89E9-B466D5D25192}.Debug|Any CPU.Build.0 = Debug|Any CPU
		{FE3430E1-DEBB-4453-89E9-B466D5D25192}.Release|Any CPU.ActiveCfg = Release|Any CPU
		{FE3430E1-DEBB-4453-89E9-B466D5D25192}.Release|Any CPU.Build.0 = Release|Any CPU
		{C1451BA4-D8F3-47A6-B1D3-35FE37F7ACB6}.Debug|Any CPU.ActiveCfg = Debug|Any CPU
		{C1451BA4-D8F3-47A6-B1D3-35FE37F7ACB6}.Debug|Any CPU.Build.0 = Debug|Any CPU
		{C1451BA4-D8F3-47A6-B1D3-35FE37F7ACB6}.Release|Any CPU.ActiveCfg = Release|Any CPU
		{C1451BA4-D8F3-47A6-B1D3-35FE37F7ACB6}.Release|Any CPU.Build.0 = Release|Any CPU
		{2F741AE7-667F-43CC-B902-6248EB0D9A10}.Debug|Any CPU.ActiveCfg = Debug|Any CPU
		{2F741AE7-667F-43CC-B902-6248EB0D9A10}.Debug|Any CPU.Build.0 = Debug|Any CPU
		{2F741AE7-667F-43CC-B902-6248EB0D9A10}.Release|Any CPU.ActiveCfg = Release|Any CPU
		{2F741AE7-667F-43CC-B902-6248EB0D9A10}.Release|Any CPU.Build.0 = Release|Any CPU
		{B545F051-4D5C-4828-A8D1-11F7CCA85203}.Debug|Any CPU.ActiveCfg = Debug|Any CPU
		{B545F051-4D5C-4828-A8D1-11F7CCA85203}.Debug|Any CPU.Build.0 = Debug|Any CPU
		{B545F051-4D5C-4828-A8D1-11F7CCA85203}.Release|Any CPU.ActiveCfg = Release|Any CPU
		{B545F051-4D5C-4828-A8D1-11F7CCA85203}.Release|Any CPU.Build.0 = Release|Any CPU
		{B1AE7F80-1F79-43AD-BD79-73117CA616EF}.Debug|Any CPU.ActiveCfg = Debug|Any CPU
		{B1AE7F80-1F79-43AD-BD79-73117CA616EF}.Debug|Any CPU.Build.0 = Debug|Any CPU
		{B1AE7F80-1F79-43AD-BD79-73117CA616EF}.Release|Any CPU.ActiveCfg = Release|Any CPU
		{B1AE7F80-1F79-43AD-BD79-73117CA616EF}.Release|Any CPU.Build.0 = Release|Any CPU
		{8C6448B0-736C-420C-B1BF-226C1B17B1EA}.Debug|Any CPU.ActiveCfg = Debug|Any CPU
		{8C6448B0-736C-420C-B1BF-226C1B17B1EA}.Debug|Any CPU.Build.0 = Debug|Any CPU
		{8C6448B0-736C-420C-B1BF-226C1B17B1EA}.Release|Any CPU.ActiveCfg = Release|Any CPU
		{8C6448B0-736C-420C-B1BF-226C1B17B1EA}.Release|Any CPU.Build.0 = Release|Any CPU
		{0FFF07F5-7F99-4C80-9938-11AB3FBBAFCE}.Debug|Any CPU.ActiveCfg = Debug|Any CPU
		{0FFF07F5-7F99-4C80-9938-11AB3FBBAFCE}.Debug|Any CPU.Build.0 = Debug|Any CPU
		{0FFF07F5-7F99-4C80-9938-11AB3FBBAFCE}.Release|Any CPU.ActiveCfg = Release|Any CPU
		{0FFF07F5-7F99-4C80-9938-11AB3FBBAFCE}.Release|Any CPU.Build.0 = Release|Any CPU
		{6C64EA28-245D-4C53-A45A-47C2D011EA6C}.Debug|Any CPU.ActiveCfg = Debug|Any CPU
		{6C64EA28-245D-4C53-A45A-47C2D011EA6C}.Debug|Any CPU.Build.0 = Debug|Any CPU
		{6C64EA28-245D-4C53-A45A-47C2D011EA6C}.Release|Any CPU.ActiveCfg = Release|Any CPU
		{6C64EA28-245D-4C53-A45A-47C2D011EA6C}.Release|Any CPU.Build.0 = Release|Any CPU
		{E23C3086-8C23-4162-97DE-2679A8F823A0}.Debug|Any CPU.ActiveCfg = Debug|Any CPU
		{E23C3086-8C23-4162-97DE-2679A8F823A0}.Debug|Any CPU.Build.0 = Debug|Any CPU
		{E23C3086-8C23-4162-97DE-2679A8F823A0}.Release|Any CPU.ActiveCfg = Release|Any CPU
		{E23C3086-8C23-4162-97DE-2679A8F823A0}.Release|Any CPU.Build.0 = Release|Any CPU
		{578B2012-199F-4E3B-B6C3-36D0529F451C}.Debug|Any CPU.ActiveCfg = Debug|Any CPU
		{578B2012-199F-4E3B-B6C3-36D0529F451C}.Debug|Any CPU.Build.0 = Debug|Any CPU
		{578B2012-199F-4E3B-B6C3-36D0529F451C}.Release|Any CPU.ActiveCfg = Release|Any CPU
		{578B2012-199F-4E3B-B6C3-36D0529F451C}.Release|Any CPU.Build.0 = Release|Any CPU
		{C4411B6A-EF53-4493-A291-13B060EBC4CA}.Debug|Any CPU.ActiveCfg = Debug|Any CPU
		{C4411B6A-EF53-4493-A291-13B060EBC4CA}.Debug|Any CPU.Build.0 = Debug|Any CPU
		{C4411B6A-EF53-4493-A291-13B060EBC4CA}.Release|Any CPU.ActiveCfg = Release|Any CPU
		{C4411B6A-EF53-4493-A291-13B060EBC4CA}.Release|Any CPU.Build.0 = Release|Any CPU
		{F218ECE1-25F3-4F8B-8558-7FB56D4D4F62}.Debug|Any CPU.ActiveCfg = Debug|Any CPU
		{F218ECE1-25F3-4F8B-8558-7FB56D4D4F62}.Debug|Any CPU.Build.0 = Debug|Any CPU
		{F218ECE1-25F3-4F8B-8558-7FB56D4D4F62}.Release|Any CPU.ActiveCfg = Release|Any CPU
		{F218ECE1-25F3-4F8B-8558-7FB56D4D4F62}.Release|Any CPU.Build.0 = Release|Any CPU
	EndGlobalSection
	GlobalSection(SolutionProperties) = preSolution
		HideSolutionNode = FALSE
	EndGlobalSection
EndGlobal
